
Microsoft Visual Studio Solution File, Format Version 12.00
# Visual Studio Version 17
VisualStudioVersion = 17.3.32825.248
MinimumVisualStudioVersion = 10.0.40219.1
Project("{FAE04EC0-301F-11D3-BF4B-00C04F79EFBC}") = "Pilarski_David_Midterm", "Pilarski_David_Midterm\Pilarski_David_Midterm.csproj", "{31ACE5C2-AF2E-419B-ABC0-5EB0EC7CBB04}"
EndProject
Global
	GlobalSection(SolutionConfigurationPlatforms) = preSolution
		Debug|Any CPU = Debug|Any CPU
		Release|Any CPU = Release|Any CPU
	EndGlobalSection
	GlobalSection(ProjectConfigurationPlatforms) = postSolution
		{31ACE5C2-AF2E-419B-ABC0-5EB0EC7CBB04}.Debug|Any CPU.ActiveCfg = Debug|Any CPU
		{31ACE5C2-AF2E-419B-ABC0-5EB0EC7CBB04}.Debug|Any CPU.Build.0 = Debug|Any CPU
		{31ACE5C2-AF2E-419B-ABC0-5EB0EC7CBB04}.Release|Any CPU.ActiveCfg = Release|Any CPU
		{31ACE5C2-AF2E-419B-ABC0-5EB0EC7CBB04}.Release|Any CPU.Build.0 = Release|Any CPU
	EndGlobalSection
	GlobalSection(SolutionProperties) = preSolution
		HideSolutionNode = FALSE
	EndGlobalSection
	GlobalSection(ExtensibilityGlobals) = postSolution
		SolutionGuid = {1212B5F0-18BD-45AA-8365-DB870CCEB3D6}
	EndGlobalSection
EndGlobal
